
Microsoft Visual Studio Solution File, Format Version 12.00
# Visual Studio Version 17
VisualStudioVersion = 17.14.36915.13 d17.14
MinimumVisualStudioVersion = 10.0.40219.1
Project("{FAE04EC0-301F-11D3-BF4B-00C04F79EFBC}") = "Student Management", "Student Management\Student Management.csproj", "{94BDDCE5-D4F2-4CF3-8441-3730A2A8EE3D}"
EndProject
Global
	GlobalSection(SolutionConfigurationPlatforms) = preSolution
		Debug|Any CPU = Debug|Any CPU
		Release|Any CPU = Release|Any CPU
	EndGlobalSection
	GlobalSection(ProjectConfigurationPlatforms) = postSolution
		{94BDDCE5-D4F2-4CF3-8441-3730A2A8EE3D}.Debug|Any CPU.ActiveCfg = Debug|Any CPU
		{94BDDCE5-D4F2-4CF3-8441-3730A2A8EE3D}.Debug|Any CPU.Build.0 = Debug|Any CPU
		{94BDDCE5-D4F2-4CF3-8441-3730A2A8EE3D}.Release|Any CPU.ActiveCfg = Release|Any CPU
		{94BDDCE5-D4F2-4CF3-8441-3730A2A8EE3D}.Release|Any CPU.Build.0 = Release|Any CPU
	EndGlobalSection
	GlobalSection(SolutionProperties) = preSolution
		HideSolutionNode = FALSE
	EndGlobalSection
	GlobalSection(ExtensibilityGlobals) = postSolution
		SolutionGuid = {E218A47F-DB4E-4BAD-8354-C1B2192A2E1F}
	EndGlobalSection
EndGlobal
